
Microsoft Visual Studio Solution File, Format Version 12.00
# Visual Studio Version 17
VisualStudioVersion = 17.14.36414.22 d17.14
MinimumVisualStudioVersion = 10.0.40219.1
Project("{FAE04EC0-301F-11D3-BF4B-00C04F79EFBC}") = "dotnet-mvc-first-app", "dotnet-mvc-first-app.csproj", "{096189A4-4CDB-49FD-96BB-68D087CFDE98}"
EndProject
Global
	GlobalSection(SolutionConfigurationPlatforms) = preSolution
		Debug|Any CPU = Debug|Any CPU
		Release|Any CPU = Release|Any CPU
	EndGlobalSection
	GlobalSection(ProjectConfigurationPlatforms) = postSolution
		{096189A4-4CDB-49FD-96BB-68D087CFDE98}.Debug|Any CPU.ActiveCfg = Debug|Any CPU
		{096189A4-4CDB-49FD-96BB-68D087CFDE98}.Debug|Any CPU.Build.0 = Debug|Any CPU
		{096189A4-4CDB-49FD-96BB-68D087CFDE98}.Release|Any CPU.ActiveCfg = Release|Any CPU
		{096189A4-4CDB-49FD-96BB-68D087CFDE98}.Release|Any CPU.Build.0 = Release|Any CPU
	EndGlobalSection
	GlobalSection(SolutionProperties) = preSolution
		HideSolutionNode = FALSE
	EndGlobalSection
	GlobalSection(ExtensibilityGlobals) = postSolution
		SolutionGuid = {ED272D65-76C1-464D-9559-04F43FFA2FB7}
	EndGlobalSection
EndGlobal
